// !$*UTF8*$!
{
	archiveVersion = 1;
	classes = {
	};
	objectVersion = 46;
	objects = {

/* Begin PBXBuildFile section */
		825F98161D1839CF008C7192 /* AppDelegate.swift in Sources */ = {isa = PBXBuildFile; fileRef = 825F98151D1839CF008C7192 /* AppDelegate.swift */; };
		825F98181D1839CF008C7192 /* ViewController.swift in Sources */ = {isa = PBXBuildFile; fileRef = 825F98171D1839CF008C7192 /* ViewController.swift */; };
		825F981B1D1839CF008C7192 /* Main.storyboard in Resources */ = {isa = PBXBuildFile; fileRef = 825F98191D1839CF008C7192 /* Main.storyboard */; };
		825F981D1D1839CF008C7192 /* Assets.xcassets in Resources */ = {isa = PBXBuildFile; fileRef = 825F981C1D1839CF008C7192 /* Assets.xcassets */; };
		825F98201D1839CF008C7192 /* LaunchScreen.storyboard in Resources */ = {isa = PBXBuildFile; fileRef = 825F981E1D1839CF008C7192 /* LaunchScreen.storyboard */; };
		825F98281D184167008C7192 /* CoreLocation.framework in Frameworks */ = {isa = PBXBuildFile; fileRef = 825F98271D184167008C7192 /* CoreLocation.framework */; };
/* End PBXBuildFile section */

/* Begin PBXFileReference section */
		825F98121D1839CF008C7192 /* Project 06 - Find My Location.app */ = {isa = PBXFileReference; explicitFileType = wrapper.application; includeInIndex = 0; path = "Project 06 - Find My Location.app"; sourceTree = BUILT_PRODUCTS_DIR; };
		825F98151D1839CF008C7192 /* AppDelegate.swift */ = {isa = PBXFileReference; lastKnownFileType = sourcecode.swift; path = AppDelegate.swift; sourceTree = "<group>"; };
		825F98171D1839CF008C7192 /* ViewController.swift */ = {isa = PBXFileReference; lastKnownFileType = sourcecode.swift; path = ViewController.swift; sourceTree = "<group>"; };
		825F981A1D1839CF008C7192 /* Base */ = {isa = PBXFileReference; lastKnownFileType = file.storyboard; name = Base; path = Base.lproj/Main.storyboard; sourceTree = "<group>"; };
		825F981C1D1839CF008C7192 /* Assets.xcassets */ = {isa = PBXFileReference; lastKnownFileType = folder.assetcatalog; path = Assets.xcassets; sourceTree = "<group>"; };
		825F981F1D1839CF008C7192 /* Base */ = {isa = PBXFileReference; lastKnownFileType = file.storyboard; name = Base; path = Base.lproj/LaunchScreen.storyboard; sourceTree = "<group>"; };
		825F98211D1839CF008C7192 /* Info.plist */ = {isa = PBXFileReference; lastKnownFileType = text.plist.xml; path = Info.plist; sourceTree = "<group>"; };
		825F98271D184167008C7192 /* CoreLocation.framework */ = {isa = PBXFileReference; lastKnownFileType = wrapper.framework; name = CoreLocation.framework; path = System/Library/Frameworks/CoreLocation.framework; sourceTree = SDKROOT; };
/* End PBXFileReference section */

/* Begin PBXFrameworksBuildPhase section */
		825F980F1D1839CF008C7192 /* Frameworks */ = {
			isa = PBXFrameworksBuildPhase;
			buildActionMask = 2147483647;
			files = (
				825F98281D184167008C7192 /* CoreLocation.framework in Frameworks */,
			);
			runOnlyForDeploymentPostprocessing = 0;
		};
/* End PBXFrameworksBuildPhase section */

/* Begin PBXGroup section */
		825F98091D1839CF008C7192 = {
			isa = PBXGroup;
			children = (
				825F98271D184167008C7192 /* CoreLocation.framework */,
				825F98141D1839CF008C7192 /* Project 06 - Find My Location */,
				825F98131D1839CF008C7192 /* Products */,
			);
			sourceTree = "<group>";
		};
		825F98131D1839CF008C7192 /* Products */ = {
			isa = PBXGroup;
			children = (
				825F98121D1839CF008C7192 /* Project 06 - Find My Location.app */,
			);
			name = Products;
			sourceTree = "<group>";
		};
		825F98141D1839CF008C7192 /* Project 06 - Find My Location */ = {
			isa = PBXGroup;
			children = (
				825F98151D1839CF008C7192 /* AppDelegate.swift */,
				825F98171D1839CF008C7192 /* ViewController.swift */,
				825F98191D1839CF008C7192 /* Main.storyboard */,
				825F981C1D1839CF008C7192 /* Assets.xcassets */,
				825F981E1D1839CF008C7192 /* LaunchScreen.storyboard */,
				825F98211D1839CF008C7192 /* Info.plist */,
			);
			path = "Project 06 - Find My Location";
			sourceTree = "<group>";
		};
/* End PBXGroup section */

/* Begin PBXNativeTarget section */
		825F98111D1839CF008C7192 /* Project 06 - Find My Location */ = {
			isa = PBXNativeTarget;
			buildConfigurationList = 825F98241D1839CF008C7192 /* Build configuration list for PBXNativeTarget "Project 06 - Find My Location" */;
			buildPhases = (
				825F980E1D1839CF008C7192 /* Sources */,
				825F980F1D1839CF008C7192 /* Frameworks */,
				825F98101D1839CF008C7192 /* Resources */,
			);
			buildRules = (
			);
			dependencies = (
			);
			name = "Project 06 - Find My Location";
			productName = "Project 06 - Find My Location";
			productReference = 825F98121D1839CF008C7192 /* Project 06 - Find My Location.app */;
			productType = "com.apple.product-type.application";
		};
/* End PBXNativeTarget section */

/* Begin PBXProject section */
		825F980A1D1839CF008C7192 /* Project object */ = {
			isa = PBXProject;
			attributes = {
				LastSwiftUpdateCheck = 0730;
				LastUpgradeCheck = 0730;
				ORGANIZATIONNAME = "Nauman Ahmad";
				TargetAttributes = {
					825F98111D1839CF008C7192 = {
						CreatedOnToolsVersion = 7.3.1;
						DevelopmentTeam = 8KWT8DCUF8;
					};
				};
			};
			buildConfigurationList = 825F980D1D1839CF008C7192 /* Build configuration list for PBXProject "Project 06 - Find My Location" */;
			compatibilityVersion = "Xcode 3.2";
			developmentRegion = English;
			hasScannedForEncodings = 0;
			knownRegions = (
				en,
				Base,
			);
			mainGroup = 825F98091D1839CF008C7192;
			productRefGroup = 825F98131D1839CF008C7192 /* Products */;
			projectDirPath = "";
			projectRoot = "";
			targets = (
				825F98111D1839CF008C7192 /* Project 06 - Find My Location */,
			);
		};
/* End PBXProject section */

/* Begin PBXResourcesBuildPhase section */
		825F98101D1839CF008C7192 /* Resources */ = {
			isa = PBXResourcesBuildPhase;
			buildActionMask = 2147483647;
			files = (
				825F98201D1839CF008C7192 /* LaunchScreen.storyboard in Resources */,
				825F981D1D1839CF008C7192 /* Assets.xcassets in Resources */,
				825F981B1D1839CF008C7192 /* Main.storyboard in Resources */,
			);
			runOnlyForDeploymentPostprocessing = 0;
		};
/* End PBXResourcesBuildPhase section */

/* Begin PBXSourcesBuildPhase section */
		825F980E1D1839CF008C7192 /* Sources */ = {
			isa = PBXSourcesBuildPhase;
			buildActionMask = 2147483647;
			files = (
				825F98181D1839CF008C7192 /* ViewController.swift in Sources */,
				825F98161D1839CF008C7192 /* AppDelegate.swift in Sources */,
			);
			runOnlyForDeploymentPostprocessing = 0;
		};
/* End PBXSourcesBuildPhase section */

/* Begin PBXVariantGroup section */
		825F98191D1839CF008C7192 /* Main.storyboard */ = {
			isa = PBXVariantGroup;
			children = (
				825F981A1D1839CF008C7192 /* Base */,
			);
			name = Main.storyboard;
			sourceTree = "<group>";
		};
		825F981E1D1839CF008C7192 /* LaunchScreen.storyboard */ = {
			isa = PBXVariantGroup;
			children = (
				825F981F1D1839CF008C7192 /* Base */,
			);
			name = LaunchScreen.storyboard;
			sourceTree = "<group>";
		};
/* End PBXVariantGroup section */

/* Begin XCBuildConfiguration section */
		825F98221D1839CF008C7192 /* Debug */ = {
			isa = XCBuildConfiguration;
			buildSettings = {
				ALWAYS_SEARCH_USER_PATHS = NO;
				CLANG_ANALYZER_NONNULL = YES;
				CLANG_CXX_LANGUAGE_STANDARD = "gnu++0x";
				CLANG_CXX_LIBRARY = "libc++";
				CLANG_ENABLE_MODULES = YES;
				CLANG_ENABLE_OBJC_ARC = YES;
				CLANG_WARN_BOOL_CONVERSION = YES;
				CLANG_WARN_CONSTANT_CONVERSION = YES;
				CLANG_WARN_DIRECT_OBJC_ISA_USAGE = YES_ERROR;
				CLANG_WARN_EMPTY_BODY = YES;
				CLANG_WARN_ENUM_CONVERSION = YES;
				CLANG_WARN_INT_CONVERSION = YES;
				CLANG_WARN_OBJC_ROOT_CLASS = YES_ERROR;
				CLANG_WARN_UNREACHABLE_CODE = YES;
				CLANG_WARN__DUPLICATE_METHOD_MATCH = YES;
				"CODE_SIGN_IDENTITY[sdk=iphoneos*]" = "iPhone Developer";
				COPY_PHASE_STRIP = NO;
				DEBUG_INFORMATION_FORMAT = dwarf;
				ENABLE_STRICT_OBJC_MSGSEND = YES;
				ENABLE_TESTABILITY = YES;
				GCC_C_LANGUAGE_STANDARD = gnu99;
				GCC_DYNAMIC_NO_PIC = NO;
				GCC_NO_COMMON_BLOCKS = YES;
				GCC_OPTIMIZATION_LEVEL = 0;
				GCC_PREPROCESSOR_DEFINITIONS = (
					"DEBUG=1",
					"$(inherited)",
				);
				GCC_WARN_64_TO_32_BIT_CONVERSION = YES;
				GCC_WARN_ABOUT_RETURN_TYPE = YES_ERROR;
				GCC_WARN_UNDECLARED_SELECTOR = YES;
				GCC_WARN_UNINITIALIZED_AUTOS = YES_AGGRESSIVE;
				GCC_WARN_UNUSED_FUNCTION = YES;
				GCC_WARN_UNUSED_VARIABLE = YES;
				IPHONEOS_DEPLOYMENT_TARGET = 9.3;
				MTL_ENABLE_DEBUG_INFO = YES;
				ONLY_ACTIVE_ARCH = YES;
				SDKROOT = iphoneos;
				SWIFT_OPTIMIZATION_LEVEL = "-Onone";
			};
			name = Debug;
		};
		825F98231D1839CF008C7192 /* Release */ = {
			isa = XCBuildConfiguration;
			buildSettings = {
				ALWAYS_SEARCH_USER_PATHS = NO;
				CLANG_ANALYZER_NONNULL = YES;
				CLANG_CXX_LANGUAGE_STANDARD = "gnu++0x";
				CLANG_CXX_LIBRARY = "libc++";
				CLANG_ENABLE_MODULES = YES;
				CLANG_ENABLE_OBJC_ARC = YES;
				CLANG_WARN_BOOL_CONVERSION = YES;
				CLANG_WARN_CONSTANT_CONVERSION = YES;
				CLANG_WARN_DIRECT_OBJC_ISA_USAGE = YES_ERROR;
				CLANG_WARN_EMPTY_BODY = YES;
				CLANG_WARN_ENUM_CONVERSION = YES;
				CLANG_WARN_INT_CONVERSION = YES;
				CLANG_WARN_OBJC_ROOT_CLASS = YES_ERROR;
				CLANG_WARN_UNREACHABLE_CODE = YES;
				CLANG_WARN__DUPLICATE_METHOD_MATCH = YES;
				"CODE_SIGN_IDENTITY[sdk=iphoneos*]" = "iPhone Developer";
				COPY_PHASE_STRIP = NO;
				DEBUG_INFORMATION_FORMAT = "dwarf-with-dsym";
				ENABLE_NS_ASSERTIONS = NO;
				ENABLE_STRICT_OBJC_MSGSEND = YES;
				GCC_C_LANGUAGE_STANDARD = gnu99;
				GCC_NO_COMMON_BLOCKS = YES;
				GCC_WARN_64_TO_32_BIT_CONVERSION = YES;
				GCC_WARN_ABOUT_RETURN_TYPE = YES_ERROR;
				GCC_WARN_UNDECLARED_SELECTOR = YES;
				GCC_WARN_UNINITIALIZED_AUTOS = YES_AGGRESSIVE;
				GCC_WARN_UNUSED_FUNCTION = YES;
				GCC_WARN_UNUSED_VARIABLE = YES;
				IPHONEOS_DEPLOYMENT_TARGET = 9.3;
				MTL_ENABLE_DEBUG_INFO = NO;
				SDKROOT = iphoneos;
				VALIDATE_PRODUCT = YES;
			};
			name = Release;
		};
		825F98251D1839CF008C7192 /* Debug */ = {
			isa = XCBuildConfiguration;
			buildSettings = {
				ASSETCATALOG_COMPILER_APPICON_NAME = AppIcon;
				INFOPLIST_FILE = "Project 06 - Find My Location/Info.plist";
				LD_RUNPATH_SEARCH_PATHS = "$(inherited) @executable_path/Frameworks";
				PRODUCT_BUNDLE_IDENTIFIER = "io.nauman.Project-06---Find-My-Location";
				PRODUCT_NAME = "$(TARGET_NAME)";
			};
			name = Debug;
		};
		825F98261D1839CF008C7192 /* Release */ = {
			isa = XCBuildConfiguration;
			buildSettings = {
				ASSETCATALOG_COMPILER_APPICON_NAME = AppIcon;
				INFOPLIST_FILE = "Project 06 - Find My Location/Info.plist";
				LD_RUNPATH_SEARCH_PATHS = "$(inherited) @executable_path/Frameworks";
				PRODUCT_BUNDLE_IDENTIFIER = "io.nauman.Project-06---Find-My-Location";
				PRODUCT_NAME = "$(TARGET_NAME)";
			};
			name = Release;
		};
/* End XCBuildConfiguration section */

/* Begin XCConfigurationList section */
		825F980D1D1839CF008C7192 /* Build configuration list for PBXProject "Project 06 - Find My Location" */ = {
			isa = XCConfigurationList;
			buildConfigurations = (
				825F98221D1839CF008C7192 /* Debug */,
				825F98231D1839CF008C7192 /* Release */,
			);
			defaultConfigurationIsVisible = 0;
			defaultConfigurationName = Release;
		};
		825F98241D1839CF008C7192 /* Build configuration list for PBXNativeTarget "Project 06 - Find My Location" */ = {
			isa = XCConfigurationList;
			buildConfigurations = (
				825F98251D1839CF008C7192 /* Debug */,
				825F98261D1839CF008C7192 /* Release */,
			);
			defaultConfigurationIsVisible = 0;
		};
/* End XCConfigurationList section */
	};
	rootObject = 825F980A1D1839CF008C7192 /* Project object */;
}
