// !$*UTF8*$!
{
	archiveVersion = 1;
	classes = {
	};
	objectVersion = 46;
	objects = {

/* Begin PBXBuildFile section */
		826F90761D1AAC6B00104CAA /* AppDelegate.swift in Sources */ = {isa = PBXBuildFile; fileRef = 826F90751D1AAC6B00104CAA /* AppDelegate.swift */; };
		826F90781D1AAC6B00104CAA /* ViewController.swift in Sources */ = {isa = PBXBuildFile; fileRef = 826F90771D1AAC6B00104CAA /* ViewController.swift */; };
		826F907B1D1AAC6B00104CAA /* Main.storyboard in Resources */ = {isa = PBXBuildFile; fileRef = 826F90791D1AAC6B00104CAA /* Main.storyboard */; };
		826F907D1D1AAC6B00104CAA /* Assets.xcassets in Resources */ = {isa = PBXBuildFile; fileRef = 826F907C1D1AAC6B00104CAA /* Assets.xcassets */; };
		826F90801D1AAC6B00104CAA /* LaunchScreen.storyboard in Resources */ = {isa = PBXBuildFile; fileRef = 826F907E1D1AAC6B00104CAA /* LaunchScreen.storyboard */; };
/* End PBXBuildFile section */

/* Begin PBXFileReference section */
		826F90721D1AAC6B00104CAA /* Project 08 - Photo From Camera Roll.app */ = {isa = PBXFileReference; explicitFileType = wrapper.application; includeInIndex = 0; path = "Project 08 - Photo From Camera Roll.app"; sourceTree = BUILT_PRODUCTS_DIR; };
		826F90751D1AAC6B00104CAA /* AppDelegate.swift */ = {isa = PBXFileReference; lastKnownFileType = sourcecode.swift; path = AppDelegate.swift; sourceTree = "<group>"; };
		826F90771D1AAC6B00104CAA /* ViewController.swift */ = {isa = PBXFileReference; lastKnownFileType = sourcecode.swift; path = ViewController.swift; sourceTree = "<group>"; };
		826F907A1D1AAC6B00104CAA /* Base */ = {isa = PBXFileReference; lastKnownFileType = file.storyboard; name = Base; path = Base.lproj/Main.storyboard; sourceTree = "<group>"; };
		826F907C1D1AAC6B00104CAA /* Assets.xcassets */ = {isa = PBXFileReference; lastKnownFileType = folder.assetcatalog; path = Assets.xcassets; sourceTree = "<group>"; };
		826F907F1D1AAC6B00104CAA /* Base */ = {isa = PBXFileReference; lastKnownFileType = file.storyboard; name = Base; path = Base.lproj/LaunchScreen.storyboard; sourceTree = "<group>"; };
		826F90811D1AAC6B00104CAA /* Info.plist */ = {isa = PBXFileReference; lastKnownFileType = text.plist.xml; path = Info.plist; sourceTree = "<group>"; };
/* End PBXFileReference section */

/* Begin PBXFrameworksBuildPhase section */
		826F906F1D1AAC6B00104CAA /* Frameworks */ = {
			isa = PBXFrameworksBuildPhase;
			buildActionMask = 2147483647;
			files = (
			);
			runOnlyForDeploymentPostprocessing = 0;
		};
/* End PBXFrameworksBuildPhase section */

/* Begin PBXGroup section */
		826F90691D1AAC6B00104CAA = {
			isa = PBXGroup;
			children = (
				826F90741D1AAC6B00104CAA /* Project 08 - Photo From Camera Roll */,
				826F90731D1AAC6B00104CAA /* Products */,
			);
			sourceTree = "<group>";
		};
		826F90731D1AAC6B00104CAA /* Products */ = {
			isa = PBXGroup;
			children = (
				826F90721D1AAC6B00104CAA /* Project 08 - Photo From Camera Roll.app */,
			);
			name = Products;
			sourceTree = "<group>";
		};
		826F90741D1AAC6B00104CAA /* Project 08 - Photo From Camera Roll */ = {
			isa = PBXGroup;
			children = (
				826F90751D1AAC6B00104CAA /* AppDelegate.swift */,
				826F90771D1AAC6B00104CAA /* ViewController.swift */,
				826F90791D1AAC6B00104CAA /* Main.storyboard */,
				826F907C1D1AAC6B00104CAA /* Assets.xcassets */,
				826F907E1D1AAC6B00104CAA /* LaunchScreen.storyboard */,
				826F90811D1AAC6B00104CAA /* Info.plist */,
			);
			path = "Project 08 - Photo From Camera Roll";
			sourceTree = "<group>";
		};
/* End PBXGroup section */

/* Begin PBXNativeTarget section */
		826F90711D1AAC6B00104CAA /* Project 08 - Photo From Camera Roll */ = {
			isa = PBXNativeTarget;
			buildConfigurationList = 826F90841D1AAC6B00104CAA /* Build configuration list for PBXNativeTarget "Project 08 - Photo From Camera Roll" */;
			buildPhases = (
				826F906E1D1AAC6B00104CAA /* Sources */,
				826F906F1D1AAC6B00104CAA /* Frameworks */,
				826F90701D1AAC6B00104CAA /* Resources */,
			);
			buildRules = (
			);
			dependencies = (
			);
			name = "Project 08 - Photo From Camera Roll";
			productName = "Project 08 - Photo From Camera Roll";
			productReference = 826F90721D1AAC6B00104CAA /* Project 08 - Photo From Camera Roll.app */;
			productType = "com.apple.product-type.application";
		};
/* End PBXNativeTarget section */

/* Begin PBXProject section */
		826F906A1D1AAC6B00104CAA /* Project object */ = {
			isa = PBXProject;
			attributes = {
				LastSwiftUpdateCheck = 0730;
				LastUpgradeCheck = 0730;
				ORGANIZATIONNAME = "Nauman Ahmad";
				TargetAttributes = {
					826F90711D1AAC6B00104CAA = {
						CreatedOnToolsVersion = 7.3.1;
						DevelopmentTeam = 8KWT8DCUF8;
					};
				};
			};
			buildConfigurationList = 826F906D1D1AAC6B00104CAA /* Build configuration list for PBXProject "Project 08 - Photo From Camera Roll" */;
			compatibilityVersion = "Xcode 3.2";
			developmentRegion = English;
			hasScannedForEncodings = 0;
			knownRegions = (
				en,
				Base,
			);
			mainGroup = 826F90691D1AAC6B00104CAA;
			productRefGroup = 826F90731D1AAC6B00104CAA /* Products */;
			projectDirPath = "";
			projectRoot = "";
			targets = (
				826F90711D1AAC6B00104CAA /* Project 08 - Photo From Camera Roll */,
			);
		};
/* End PBXProject section */

/* Begin PBXResourcesBuildPhase section */
		826F90701D1AAC6B00104CAA /* Resources */ = {
			isa = PBXResourcesBuildPhase;
			buildActionMask = 2147483647;
			files = (
				826F90801D1AAC6B00104CAA /* LaunchScreen.storyboard in Resources */,
				826F907D1D1AAC6B00104CAA /* Assets.xcassets in Resources */,
				826F907B1D1AAC6B00104CAA /* Main.storyboard in Resources */,
			);
			runOnlyForDeploymentPostprocessing = 0;
		};
/* End PBXResourcesBuildPhase section */

/* Begin PBXSourcesBuildPhase section */
		826F906E1D1AAC6B00104CAA /* Sources */ = {
			isa = PBXSourcesBuildPhase;
			buildActionMask = 2147483647;
			files = (
				826F90781D1AAC6B00104CAA /* ViewController.swift in Sources */,
				826F90761D1AAC6B00104CAA /* AppDelegate.swift in Sources */,
			);
			runOnlyForDeploymentPostprocessing = 0;
		};
/* End PBXSourcesBuildPhase section */

/* Begin PBXVariantGroup section */
		826F90791D1AAC6B00104CAA /* Main.storyboard */ = {
			isa = PBXVariantGroup;
			children = (
				826F907A1D1AAC6B00104CAA /* Base */,
			);
			name = Main.storyboard;
			sourceTree = "<group>";
		};
		826F907E1D1AAC6B00104CAA /* LaunchScreen.storyboard */ = {
			isa = PBXVariantGroup;
			children = (
				826F907F1D1AAC6B00104CAA /* Base */,
			);
			name = LaunchScreen.storyboard;
			sourceTree = "<group>";
		};
/* End PBXVariantGroup section */

/* Begin XCBuildConfiguration section */
		826F90821D1AAC6B00104CAA /* Debug */ = {
			isa = XCBuildConfiguration;
			buildSettings = {
				ALWAYS_SEARCH_USER_PATHS = NO;
				CLANG_ANALYZER_NONNULL = YES;
				CLANG_CXX_LANGUAGE_STANDARD = "gnu++0x";
				CLANG_CXX_LIBRARY = "libc++";
				CLANG_ENABLE_MODULES = YES;
				CLANG_ENABLE_OBJC_ARC = YES;
				CLANG_WARN_BOOL_CONVERSION = YES;
				CLANG_WARN_CONSTANT_CONVERSION = YES;
				CLANG_WARN_DIRECT_OBJC_ISA_USAGE = YES_ERROR;
				CLANG_WARN_EMPTY_BODY = YES;
				CLANG_WARN_ENUM_CONVERSION = YES;
				CLANG_WARN_INT_CONVERSION = YES;
				CLANG_WARN_OBJC_ROOT_CLASS = YES_ERROR;
				CLANG_WARN_UNREACHABLE_CODE = YES;
				CLANG_WARN__DUPLICATE_METHOD_MATCH = YES;
				"CODE_SIGN_IDENTITY[sdk=iphoneos*]" = "iPhone Developer";
				COPY_PHASE_STRIP = NO;
				DEBUG_INFORMATION_FORMAT = dwarf;
				ENABLE_STRICT_OBJC_MSGSEND = YES;
				ENABLE_TESTABILITY = YES;
				GCC_C_LANGUAGE_STANDARD = gnu99;
				GCC_DYNAMIC_NO_PIC = NO;
				GCC_NO_COMMON_BLOCKS = YES;
				GCC_OPTIMIZATION_LEVEL = 0;
				GCC_PREPROCESSOR_DEFINITIONS = (
					"DEBUG=1",
					"$(inherited)",
				);
				GCC_WARN_64_TO_32_BIT_CONVERSION = YES;
				GCC_WARN_ABOUT_RETURN_TYPE = YES_ERROR;
				GCC_WARN_UNDECLARED_SELECTOR = YES;
				GCC_WARN_UNINITIALIZED_AUTOS = YES_AGGRESSIVE;
				GCC_WARN_UNUSED_FUNCTION = YES;
				GCC_WARN_UNUSED_VARIABLE = YES;
				IPHONEOS_DEPLOYMENT_TARGET = 9.3;
				MTL_ENABLE_DEBUG_INFO = YES;
				ONLY_ACTIVE_ARCH = YES;
				SDKROOT = iphoneos;
				SWIFT_OPTIMIZATION_LEVEL = "-Onone";
			};
			name = Debug;
		};
		826F90831D1AAC6B00104CAA /* Release */ = {
			isa = XCBuildConfiguration;
			buildSettings = {
				ALWAYS_SEARCH_USER_PATHS = NO;
				CLANG_ANALYZER_NONNULL = YES;
				CLANG_CXX_LANGUAGE_STANDARD = "gnu++0x";
				CLANG_CXX_LIBRARY = "libc++";
				CLANG_ENABLE_MODULES = YES;
				CLANG_ENABLE_OBJC_ARC = YES;
				CLANG_WARN_BOOL_CONVERSION = YES;
				CLANG_WARN_CONSTANT_CONVERSION = YES;
				CLANG_WARN_DIRECT_OBJC_ISA_USAGE = YES_ERROR;
				CLANG_WARN_EMPTY_BODY = YES;
				CLANG_WARN_ENUM_CONVERSION = YES;
				CLANG_WARN_INT_CONVERSION = YES;
				CLANG_WARN_OBJC_ROOT_CLASS = YES_ERROR;
				CLANG_WARN_UNREACHABLE_CODE = YES;
				CLANG_WARN__DUPLICATE_METHOD_MATCH = YES;
				"CODE_SIGN_IDENTITY[sdk=iphoneos*]" = "iPhone Developer";
				COPY_PHASE_STRIP = NO;
				DEBUG_INFORMATION_FORMAT = "dwarf-with-dsym";
				ENABLE_NS_ASSERTIONS = NO;
				ENABLE_STRICT_OBJC_MSGSEND = YES;
				GCC_C_LANGUAGE_STANDARD = gnu99;
				GCC_NO_COMMON_BLOCKS = YES;
				GCC_WARN_64_TO_32_BIT_CONVERSION = YES;
				GCC_WARN_ABOUT_RETURN_TYPE = YES_ERROR;
				GCC_WARN_UNDECLARED_SELECTOR = YES;
				GCC_WARN_UNINITIALIZED_AUTOS = YES_AGGRESSIVE;
				GCC_WARN_UNUSED_FUNCTION = YES;
				GCC_WARN_UNUSED_VARIABLE = YES;
				IPHONEOS_DEPLOYMENT_TARGET = 9.3;
				MTL_ENABLE_DEBUG_INFO = NO;
				SDKROOT = iphoneos;
				VALIDATE_PRODUCT = YES;
			};
			name = Release;
		};
		826F90851D1AAC6B00104CAA /* Debug */ = {
			isa = XCBuildConfiguration;
			buildSettings = {
				ASSETCATALOG_COMPILER_APPICON_NAME = AppIcon;
				INFOPLIST_FILE = "Project 08 - Photo From Camera Roll/Info.plist";
				LD_RUNPATH_SEARCH_PATHS = "$(inherited) @executable_path/Frameworks";
				PRODUCT_BUNDLE_IDENTIFIER = "io.nauman.Project-08---Photo-From-Camera-Roll";
				PRODUCT_NAME = "$(TARGET_NAME)";
			};
			name = Debug;
		};
		826F90861D1AAC6B00104CAA /* Release */ = {
			isa = XCBuildConfiguration;
			buildSettings = {
				ASSETCATALOG_COMPILER_APPICON_NAME = AppIcon;
				INFOPLIST_FILE = "Project 08 - Photo From Camera Roll/Info.plist";
				LD_RUNPATH_SEARCH_PATHS = "$(inherited) @executable_path/Frameworks";
				PRODUCT_BUNDLE_IDENTIFIER = "io.nauman.Project-08---Photo-From-Camera-Roll";
				PRODUCT_NAME = "$(TARGET_NAME)";
			};
			name = Release;
		};
/* End XCBuildConfiguration section */

/* Begin XCConfigurationList section */
		826F906D1D1AAC6B00104CAA /* Build configuration list for PBXProject "Project 08 - Photo From Camera Roll" */ = {
			isa = XCConfigurationList;
			buildConfigurations = (
				826F90821D1AAC6B00104CAA /* Debug */,
				826F90831D1AAC6B00104CAA /* Release */,
			);
			defaultConfigurationIsVisible = 0;
			defaultConfigurationName = Release;
		};
		826F90841D1AAC6B00104CAA /* Build configuration list for PBXNativeTarget "Project 08 - Photo From Camera Roll" */ = {
			isa = XCConfigurationList;
			buildConfigurations = (
				826F90851D1AAC6B00104CAA /* Debug */,
				826F90861D1AAC6B00104CAA /* Release */,
			);
			defaultConfigurationIsVisible = 0;
		};
/* End XCConfigurationList section */
	};
	rootObject = 826F906A1D1AAC6B00104CAA /* Project object */;
}
